
Microsoft Visual Studio Solution File, Format Version 12.00
# Visual Studio 15
VisualStudioVersion = 15.0.28010.2048
MinimumVisualStudioVersion = 10.0.40219.1
Project("{FAE04EC0-301F-11D3-BF4B-00C04F79EFBC}") = "homc", "homc\homc.csproj", "{82BBEBAE-EE91-4A85-A62C-3416E529B35E}"
EndProject
Global
	GlobalSection(SolutionConfigurationPlatforms) = preSolution
		Debug|Any CPU = Debug|Any CPU
		Release|Any CPU = Release|Any CPU
	EndGlobalSection
	GlobalSection(ProjectConfigurationPlatforms) = postSolution
		{82BBEBAE-EE91-4A85-A62C-3416E529B35E}.Debug|Any CPU.ActiveCfg = Debug|Any CPU
		{82BBEBAE-EE91-4A85-A62C-3416E529B35E}.Debug|Any CPU.Build.0 = Debug|Any CPU
		{82BBEBAE-EE91-4A85-A62C-3416E529B35E}.Release|Any CPU.ActiveCfg = Release|Any CPU
		{82BBEBAE-EE91-4A85-A62C-3416E529B35E}.Release|Any CPU.Build.0 = Release|Any CPU
	EndGlobalSection
	GlobalSection(SolutionProperties) = preSolution
		HideSolutionNode = FALSE
	EndGlobalSection
	GlobalSection(ExtensibilityGlobals) = postSolution
		SolutionGuid = {F04E00F4-BDF4-49A8-A0B1-62797A753142}
	EndGlobalSection
EndGlobal
